
Microsoft Visual Studio Solution File, Format Version 12.00
# Visual Studio Version 16
VisualStudioVersion = 16.0.30611.23
MinimumVisualStudioVersion = 10.0.40219.1
Project("{FAE04EC0-301F-11D3-BF4B-00C04F79EFBC}") = "CYQK.Test", "CYQK.Test\CYQK.Test.csproj", "{4DAA0000-8DBD-47CF-BF8E-0A1465688C93}"
EndProject
Project("{FAE04EC0-301F-11D3-BF4B-00C04F79EFBC}") = "CYQK.Test.Core", "CYQK.Test.Core\CYQK.Test.Core.csproj", "{AAED613D-FEB1-4AE3-9712-E74317D0B1A1}"
EndProject
Project("{FAE04EC0-301F-11D3-BF4B-00C04F79EFBC}") = "CYQK.Test.Model", "CYQK.Test.Model\CYQK.Test.Model.csproj", "{21608BED-C348-4A32-84F8-7A1C8FF94B06}"
EndProject
Global
	GlobalSection(SolutionConfigurationPlatforms) = preSolution
		Debug|Any CPU = Debug|Any CPU
		Release|Any CPU = Release|Any CPU
	EndGlobalSection
	GlobalSection(ProjectConfigurationPlatforms) = postSolution
		{4DAA0000-8DBD-47CF-BF8E-0A1465688C93}.Debug|Any CPU.ActiveCfg = Debug|Any CPU
		{4DAA0000-8DBD-47CF-BF8E-0A1465688C93}.Debug|Any CPU.Build.0 = Debug|Any CPU
		{4DAA0000-8DBD-47CF-BF8E-0A1465688C93}.Release|Any CPU.ActiveCfg = Release|Any CPU
		{4DAA0000-8DBD-47CF-BF8E-0A1465688C93}.Release|Any CPU.Build.0 = Release|Any CPU
		{AAED613D-FEB1-4AE3-9712-E74317D0B1A1}.Debug|Any CPU.ActiveCfg = Debug|Any CPU
		{AAED613D-FEB1-4AE3-9712-E74317D0B1A1}.Debug|Any CPU.Build.0 = Debug|Any CPU
		{AAED613D-FEB1-4AE3-9712-E74317D0B1A1}.Release|Any CPU.ActiveCfg = Release|Any CPU
		{AAED613D-FEB1-4AE3-9712-E74317D0B1A1}.Release|Any CPU.Build.0 = Release|Any CPU
		{21608BED-C348-4A32-84F8-7A1C8FF94B06}.Debug|Any CPU.ActiveCfg = Debug|Any CPU
		{21608BED-C348-4A32-84F8-7A1C8FF94B06}.Debug|Any CPU.Build.0 = Debug|Any CPU
		{21608BED-C348-4A32-84F8-7A1C8FF94B06}.Release|Any CPU.ActiveCfg = Release|Any CPU
		{21608BED-C348-4A32-84F8-7A1C8FF94B06}.Release|Any CPU.Build.0 = Release|Any CPU
	EndGlobalSection
	GlobalSection(SolutionProperties) = preSolution
		HideSolutionNode = FALSE
	EndGlobalSection
	GlobalSection(ExtensibilityGlobals) = postSolution
		SolutionGuid = {D0EBA45D-8CBE-440A-89B4-2F0CDCBAB228}
	EndGlobalSection
EndGlobal
